
Microsoft Visual Studio Solution File, Format Version 12.00
# Visual Studio Version 17
VisualStudioVersion = 17.4.33205.214
MinimumVisualStudioVersion = 10.0.40219.1
Project("{FAE04EC0-301F-11D3-BF4B-00C04F79EFBC}") = "Xamarin-Android-VS2022", "src\Xamarin-Android-VS2022\Xamarin-Android-VS2022.csproj", "{C222C8A3-4D26-41AE-9D96-5505408EBE1C}"
EndProject
Project("{FAE04EC0-301F-11D3-BF4B-00C04F79EFBC}") = "Xamarin-Android-VS2022.EFCore2", "src\Xamarin-Android-VS2022.EFCore2\Xamarin-Android-VS2022.EFCore2\Xamarin-Android-VS2022.EFCore2.csproj", "{2A1CF6CE-D311-489B-A27C-C25AC9AF97A0}"
EndProject
Global
	GlobalSection(SolutionConfigurationPlatforms) = preSolution
		Debug|Any CPU = Debug|Any CPU
		Release|Any CPU = Release|Any CPU
	EndGlobalSection
	GlobalSection(ProjectConfigurationPlatforms) = postSolution
		{C222C8A3-4D26-41AE-9D96-5505408EBE1C}.Debug|Any CPU.ActiveCfg = Debug|Any CPU
		{C222C8A3-4D26-41AE-9D96-5505408EBE1C}.Debug|Any CPU.Build.0 = Debug|Any CPU
		{C222C8A3-4D26-41AE-9D96-5505408EBE1C}.Debug|Any CPU.Deploy.0 = Debug|Any CPU
		{C222C8A3-4D26-41AE-9D96-5505408EBE1C}.Release|Any CPU.ActiveCfg = Release|Any CPU
		{C222C8A3-4D26-41AE-9D96-5505408EBE1C}.Release|Any CPU.Build.0 = Release|Any CPU
		{C222C8A3-4D26-41AE-9D96-5505408EBE1C}.Release|Any CPU.Deploy.0 = Release|Any CPU
		{2A1CF6CE-D311-489B-A27C-C25AC9AF97A0}.Debug|Any CPU.ActiveCfg = Debug|Any CPU
		{2A1CF6CE-D311-489B-A27C-C25AC9AF97A0}.Debug|Any CPU.Build.0 = Debug|Any CPU
		{2A1CF6CE-D311-489B-A27C-C25AC9AF97A0}.Release|Any CPU.ActiveCfg = Release|Any CPU
		{2A1CF6CE-D311-489B-A27C-C25AC9AF97A0}.Release|Any CPU.Build.0 = Release|Any CPU
	EndGlobalSection
	GlobalSection(SolutionProperties) = preSolution
		HideSolutionNode = FALSE
	EndGlobalSection
	GlobalSection(ExtensibilityGlobals) = postSolution
		SolutionGuid = {C42EC8F4-9498-48CE-86FD-E67ADB2A2B23}
	EndGlobalSection
EndGlobal
